# This file is automatically @generated by Cargo.
# It is not intended for manual editing.
version = 3

[[package]]
name = "core-engine"
version = "0.1.0"

[[package]]
name = "distribution"
version = "0.1.0"
dependencies = [
 "core-engine",
 "ingest-models",
]

[[package]]
name = "ingest-models"
version = "0.1.0"
